
Microsoft Visual Studio Solution File, Format Version 12.00
Project("{FAE04EC0-301F-11D3-BF4B-00C04F79EFBC}") = "Apps.AmazonComprehend", "Apps.AmazonComprehend\Apps.AmazonComprehend.csproj", "{E8F3F5B8-189E-479C-AE62-180ED0B5B4DD}"
EndProject
Global
	GlobalSection(SolutionConfigurationPlatforms) = preSolution
		Debug|Any CPU = Debug|Any CPU
		Release|Any CPU = Release|Any CPU
	EndGlobalSection
	GlobalSection(ProjectConfigurationPlatforms) = postSolution
		{E8F3F5B8-189E-479C-AE62-180ED0B5B4DD}.Debug|Any CPU.ActiveCfg = Debug|Any CPU
		{E8F3F5B8-189E-479C-AE62-180ED0B5B4DD}.Debug|Any CPU.Build.0 = Debug|Any CPU
		{E8F3F5B8-189E-479C-AE62-180ED0B5B4DD}.Release|Any CPU.ActiveCfg = Release|Any CPU
		{E8F3F5B8-189E-479C-AE62-180ED0B5B4DD}.Release|Any CPU.Build.0 = Release|Any CPU
	EndGlobalSection
EndGlobal
